// !$*UTF8*$!
{
	archiveVersion = 1;
	classes = {
	};
	objectVersion = 48;
	objects = {

/* Begin PBXBuildFile section */
		90A344F6213C6CE80030EBA6 /* AppDelegate.swift in Sources */ = {isa = PBXBuildFile; fileRef = 90A344F5213C6CE80030EBA6 /* AppDelegate.swift */; };
		90A344F8213C6CE80030EBA6 /* ViewController.swift in Sources */ = {isa = PBXBuildFile; fileRef = 90A344F7213C6CE80030EBA6 /* ViewController.swift */; };
		90A344FB213C6CE80030EBA6 /* Main.storyboard in Resources */ = {isa = PBXBuildFile; fileRef = 90A344F9213C6CE80030EBA6 /* Main.storyboard */; };
		90A344FD213C6CE80030EBA6 /* Assets.xcassets in Resources */ = {isa = PBXBuildFile; fileRef = 90A344FC213C6CE80030EBA6 /* Assets.xcassets */; };
		90A34500213C6CE80030EBA6 /* LaunchScreen.storyboard in Resources */ = {isa = PBXBuildFile; fileRef = 90A344FE213C6CE80030EBA6 /* LaunchScreen.storyboard */; };
		90A3450B213C6CE80030EBA6 /* The_BoyTests.swift in Sources */ = {isa = PBXBuildFile; fileRef = 90A3450A213C6CE80030EBA6 /* The_BoyTests.swift */; };
		90A34516213C6CE90030EBA6 /* The_BoyUITests.swift in Sources */ = {isa = PBXBuildFile; fileRef = 90A34515213C6CE90030EBA6 /* The_BoyUITests.swift */; };
/* End PBXBuildFile section */

/* Begin PBXContainerItemProxy section */
		90A34507213C6CE80030EBA6 /* PBXContainerItemProxy */ = {
			isa = PBXContainerItemProxy;
			containerPortal = 90A344EA213C6CE80030EBA6 /* Project object */;
			proxyType = 1;
			remoteGlobalIDString = 90A344F1213C6CE80030EBA6;
			remoteInfo = "The Boy";
		};
		90A34512213C6CE80030EBA6 /* PBXContainerItemProxy */ = {
			isa = PBXContainerItemProxy;
			containerPortal = 90A344EA213C6CE80030EBA6 /* Project object */;
			proxyType = 1;
			remoteGlobalIDString = 90A344F1213C6CE80030EBA6;
			remoteInfo = "The Boy";
		};
/* End PBXContainerItemProxy section */

/* Begin PBXFileReference section */
		90A344F2213C6CE80030EBA6 /* The Boy.app */ = {isa = PBXFileReference; explicitFileType = wrapper.application; includeInIndex = 0; path = "The Boy.app"; sourceTree = BUILT_PRODUCTS_DIR; };
		90A344F5213C6CE80030EBA6 /* AppDelegate.swift */ = {isa = PBXFileReference; lastKnownFileType = sourcecode.swift; path = AppDelegate.swift; sourceTree = "<group>"; };
		90A344F7213C6CE80030EBA6 /* ViewController.swift */ = {isa = PBXFileReference; lastKnownFileType = sourcecode.swift; path = ViewController.swift; sourceTree = "<group>"; };
		90A344FA213C6CE80030EBA6 /* Base */ = {isa = PBXFileReference; lastKnownFileType = file.storyboard; name = Base; path = Base.lproj/Main.storyboard; sourceTree = "<group>"; };
		90A344FC213C6CE80030EBA6 /* Assets.xcassets */ = {isa = PBXFileReference; lastKnownFileType = folder.assetcatalog; path = Assets.xcassets; sourceTree = "<group>"; };
		90A344FF213C6CE80030EBA6 /* Base */ = {isa = PBXFileReference; lastKnownFileType = file.storyboard; name = Base; path = Base.lproj/LaunchScreen.storyboard; sourceTree = "<group>"; };
		90A34501213C6CE80030EBA6 /* Info.plist */ = {isa = PBXFileReference; lastKnownFileType = text.plist.xml; path = Info.plist; sourceTree = "<group>"; };
		90A34506213C6CE80030EBA6 /* The BoyTests.xctest */ = {isa = PBXFileReference; explicitFileType = wrapper.cfbundle; includeInIndex = 0; path = "The BoyTests.xctest"; sourceTree = BUILT_PRODUCTS_DIR; };
		90A3450A213C6CE80030EBA6 /* The_BoyTests.swift */ = {isa = PBXFileReference; lastKnownFileType = sourcecode.swift; path = The_BoyTests.swift; sourceTree = "<group>"; };
		90A3450C213C6CE80030EBA6 /* Info.plist */ = {isa = PBXFileReference; lastKnownFileType = text.plist.xml; path = Info.plist; sourceTree = "<group>"; };
		90A34511213C6CE80030EBA6 /* The BoyUITests.xctest */ = {isa = PBXFileReference; explicitFileType = wrapper.cfbundle; includeInIndex = 0; path = "The BoyUITests.xctest"; sourceTree = BUILT_PRODUCTS_DIR; };
		90A34515213C6CE90030EBA6 /* The_BoyUITests.swift */ = {isa = PBXFileReference; lastKnownFileType = sourcecode.swift; path = The_BoyUITests.swift; sourceTree = "<group>"; };
		90A34517213C6CE90030EBA6 /* Info.plist */ = {isa = PBXFileReference; lastKnownFileType = text.plist.xml; path = Info.plist; sourceTree = "<group>"; };
/* End PBXFileReference section */

/* Begin PBXFrameworksBuildPhase section */
		90A344EF213C6CE80030EBA6 /* Frameworks */ = {
			isa = PBXFrameworksBuildPhase;
			buildActionMask = 2147483647;
			files = (
			);
			runOnlyForDeploymentPostprocessing = 0;
		};
		90A34503213C6CE80030EBA6 /* Frameworks */ = {
			isa = PBXFrameworksBuildPhase;
			buildActionMask = 2147483647;
			files = (
			);
			runOnlyForDeploymentPostprocessing = 0;
		};
		90A3450E213C6CE80030EBA6 /* Frameworks */ = {
			isa = PBXFrameworksBuildPhase;
			buildActionMask = 2147483647;
			files = (
			);
			runOnlyForDeploymentPostprocessing = 0;
		};
/* End PBXFrameworksBuildPhase section */

/* Begin PBXGroup section */
		90A344E9213C6CE80030EBA6 = {
			isa = PBXGroup;
			children = (
				90A344F4213C6CE80030EBA6 /* The Boy */,
				90A34509213C6CE80030EBA6 /* The BoyTests */,
				90A34514213C6CE90030EBA6 /* The BoyUITests */,
				90A344F3213C6CE80030EBA6 /* Products */,
			);
			sourceTree = "<group>";
		};
		90A344F3213C6CE80030EBA6 /* Products */ = {
			isa = PBXGroup;
			children = (
				90A344F2213C6CE80030EBA6 /* The Boy.app */,
				90A34506213C6CE80030EBA6 /* The BoyTests.xctest */,
				90A34511213C6CE80030EBA6 /* The BoyUITests.xctest */,
			);
			name = Products;
			sourceTree = "<group>";
		};
		90A344F4213C6CE80030EBA6 /* The Boy */ = {
			isa = PBXGroup;
			children = (
				90A344F5213C6CE80030EBA6 /* AppDelegate.swift */,
				90A344F7213C6CE80030EBA6 /* ViewController.swift */,
				90A344F9213C6CE80030EBA6 /* Main.storyboard */,
				90A344FC213C6CE80030EBA6 /* Assets.xcassets */,
				90A344FE213C6CE80030EBA6 /* LaunchScreen.storyboard */,
				90A34501213C6CE80030EBA6 /* Info.plist */,
			);
			path = "The Boy";
			sourceTree = "<group>";
		};
		90A34509213C6CE80030EBA6 /* The BoyTests */ = {
			isa = PBXGroup;
			children = (
				90A3450A213C6CE80030EBA6 /* The_BoyTests.swift */,
				90A3450C213C6CE80030EBA6 /* Info.plist */,
			);
			path = "The BoyTests";
			sourceTree = "<group>";
		};
		90A34514213C6CE90030EBA6 /* The BoyUITests */ = {
			isa = PBXGroup;
			children = (
				90A34515213C6CE90030EBA6 /* The_BoyUITests.swift */,
				90A34517213C6CE90030EBA6 /* Info.plist */,
			);
			path = "The BoyUITests";
			sourceTree = "<group>";
		};
/* End PBXGroup section */

/* Begin PBXNativeTarget section */
		90A344F1213C6CE80030EBA6 /* The Boy */ = {
			isa = PBXNativeTarget;
			buildConfigurationList = 90A3451A213C6CE90030EBA6 /* Build configuration list for PBXNativeTarget "The Boy" */;
			buildPhases = (
				90A344EE213C6CE80030EBA6 /* Sources */,
				90A344EF213C6CE80030EBA6 /* Frameworks */,
				90A344F0213C6CE80030EBA6 /* Resources */,
			);
			buildRules = (
			);
			dependencies = (
			);
			name = "The Boy";
			productName = "The Boy";
			productReference = 90A344F2213C6CE80030EBA6 /* The Boy.app */;
			productType = "com.apple.product-type.application";
		};
		90A34505213C6CE80030EBA6 /* The BoyTests */ = {
			isa = PBXNativeTarget;
			buildConfigurationList = 90A3451D213C6CE90030EBA6 /* Build configuration list for PBXNativeTarget "The BoyTests" */;
			buildPhases = (
				90A34502213C6CE80030EBA6 /* Sources */,
				90A34503213C6CE80030EBA6 /* Frameworks */,
				90A34504213C6CE80030EBA6 /* Resources */,
			);
			buildRules = (
			);
			dependencies = (
				90A34508213C6CE80030EBA6 /* PBXTargetDependency */,
			);
			name = "The BoyTests";
			productName = "The BoyTests";
			productReference = 90A34506213C6CE80030EBA6 /* The BoyTests.xctest */;
			productType = "com.apple.product-type.bundle.unit-test";
		};
		90A34510213C6CE80030EBA6 /* The BoyUITests */ = {
			isa = PBXNativeTarget;
			buildConfigurationList = 90A34520213C6CE90030EBA6 /* Build configuration list for PBXNativeTarget "The BoyUITests" */;
			buildPhases = (
				90A3450D213C6CE80030EBA6 /* Sources */,
				90A3450E213C6CE80030EBA6 /* Frameworks */,
				90A3450F213C6CE80030EBA6 /* Resources */,
			);
			buildRules = (
			);
			dependencies = (
				90A34513213C6CE80030EBA6 /* PBXTargetDependency */,
			);
			name = "The BoyUITests";
			productName = "The BoyUITests";
			productReference = 90A34511213C6CE80030EBA6 /* The BoyUITests.xctest */;
			productType = "com.apple.product-type.bundle.ui-testing";
		};
/* End PBXNativeTarget section */

/* Begin PBXProject section */
		90A344EA213C6CE80030EBA6 /* Project object */ = {
			isa = PBXProject;
			attributes = {
				LastSwiftUpdateCheck = 0920;
				LastUpgradeCheck = 0920;
				ORGANIZATIONNAME = "Avinash Swaminathan";
				TargetAttributes = {
					90A344F1213C6CE80030EBA6 = {
						CreatedOnToolsVersion = 9.2;
						ProvisioningStyle = Automatic;
					};
					90A34505213C6CE80030EBA6 = {
						CreatedOnToolsVersion = 9.2;
						ProvisioningStyle = Automatic;
						TestTargetID = 90A344F1213C6CE80030EBA6;
					};
					90A34510213C6CE80030EBA6 = {
						CreatedOnToolsVersion = 9.2;
						ProvisioningStyle = Automatic;
						TestTargetID = 90A344F1213C6CE80030EBA6;
					};
				};
			};
			buildConfigurationList = 90A344ED213C6CE80030EBA6 /* Build configuration list for PBXProject "The Boy" */;
			compatibilityVersion = "Xcode 8.0";
			developmentRegion = en;
			hasScannedForEncodings = 0;
			knownRegions = (
				en,
				Base,
			);
			mainGroup = 90A344E9213C6CE80030EBA6;
			productRefGroup = 90A344F3213C6CE80030EBA6 /* Products */;
			projectDirPath = "";
			projectRoot = "";
			targets = (
				90A344F1213C6CE80030EBA6 /* The Boy */,
				90A34505213C6CE80030EBA6 /* The BoyTests */,
				90A34510213C6CE80030EBA6 /* The BoyUITests */,
			);
		};
/* End PBXProject section */

/* Begin PBXResourcesBuildPhase section */
		90A344F0213C6CE80030EBA6 /* Resources */ = {
			isa = PBXResourcesBuildPhase;
			buildActionMask = 2147483647;
			files = (
				90A34500213C6CE80030EBA6 /* LaunchScreen.storyboard in Resources */,
				90A344FD213C6CE80030EBA6 /* Assets.xcassets in Resources */,
				90A344FB213C6CE80030EBA6 /* Main.storyboard in Resources */,
			);
			runOnlyForDeploymentPostprocessing = 0;
		};
		90A34504213C6CE80030EBA6 /* Resources */ = {
			isa = PBXResourcesBuildPhase;
			buildActionMask = 2147483647;
			files = (
			);
			runOnlyForDeploymentPostprocessing = 0;
		};
		90A3450F213C6CE80030EBA6 /* Resources */ = {
			isa = PBXResourcesBuildPhase;
			buildActionMask = 2147483647;
			files = (
			);
			runOnlyForDeploymentPostprocessing = 0;
		};
/* End PBXResourcesBuildPhase section */

/* Begin PBXSourcesBuildPhase section */
		90A344EE213C6CE80030EBA6 /* Sources */ = {
			isa = PBXSourcesBuildPhase;
			buildActionMask = 2147483647;
			files = (
				90A344F8213C6CE80030EBA6 /* ViewController.swift in Sources */,
				90A344F6213C6CE80030EBA6 /* AppDelegate.swift in Sources */,
			);
			runOnlyForDeploymentPostprocessing = 0;
		};
		90A34502213C6CE80030EBA6 /* Sources */ = {
			isa = PBXSourcesBuildPhase;
			buildActionMask = 2147483647;
			files = (
				90A3450B213C6CE80030EBA6 /* The_BoyTests.swift in Sources */,
			);
			runOnlyForDeploymentPostprocessing = 0;
		};
		90A3450D213C6CE80030EBA6 /* Sources */ = {
			isa = PBXSourcesBuildPhase;
			buildActionMask = 2147483647;
			files = (
				90A34516213C6CE90030EBA6 /* The_BoyUITests.swift in Sources */,
			);
			runOnlyForDeploymentPostprocessing = 0;
		};
/* End PBXSourcesBuildPhase section */

/* Begin PBXTargetDependency section */
		90A34508213C6CE80030EBA6 /* PBXTargetDependency */ = {
			isa = PBXTargetDependency;
			target = 90A344F1213C6CE80030EBA6 /* The Boy */;
			targetProxy = 90A34507213C6CE80030EBA6 /* PBXContainerItemProxy */;
		};
		90A34513213C6CE80030EBA6 /* PBXTargetDependency */ = {
			isa = PBXTargetDependency;
			target = 90A344F1213C6CE80030EBA6 /* The Boy */;
			targetProxy = 90A34512213C6CE80030EBA6 /* PBXContainerItemProxy */;
		};
/* End PBXTargetDependency section */

/* Begin PBXVariantGroup section */
		90A344F9213C6CE80030EBA6 /* Main.storyboard */ = {
			isa = PBXVariantGroup;
			children = (
				90A344FA213C6CE80030EBA6 /* Base */,
			);
			name = Main.storyboard;
			sourceTree = "<group>";
		};
		90A344FE213C6CE80030EBA6 /* LaunchScreen.storyboard */ = {
			isa = PBXVariantGroup;
			children = (
				90A344FF213C6CE80030EBA6 /* Base */,
			);
			name = LaunchScreen.storyboard;
			sourceTree = "<group>";
		};
/* End PBXVariantGroup section */

/* Begin XCBuildConfiguration section */
		90A34518213C6CE90030EBA6 /* Debug */ = {
			isa = XCBuildConfiguration;
			buildSettings = {
				ALWAYS_SEARCH_USER_PATHS = NO;
				CLANG_ANALYZER_NONNULL = YES;
				CLANG_ANALYZER_NUMBER_OBJECT_CONVERSION = YES_AGGRESSIVE;
				CLANG_CXX_LANGUAGE_STANDARD = "gnu++14";
				CLANG_CXX_LIBRARY = "libc++";
				CLANG_ENABLE_MODULES = YES;
				CLANG_ENABLE_OBJC_ARC = YES;
				CLANG_WARN_BLOCK_CAPTURE_AUTORELEASING = YES;
				CLANG_WARN_BOOL_CONVERSION = YES;
				CLANG_WARN_COMMA = YES;
				CLANG_WARN_CONSTANT_CONVERSION = YES;
				CLANG_WARN_DIRECT_OBJC_ISA_USAGE = YES_ERROR;
				CLANG_WARN_DOCUMENTATION_COMMENTS = YES;
				CLANG_WARN_EMPTY_BODY = YES;
				CLANG_WARN_ENUM_CONVERSION = YES;
				CLANG_WARN_INFINITE_RECURSION = YES;
				CLANG_WARN_INT_CONVERSION = YES;
				CLANG_WARN_NON_LITERAL_NULL_CONVERSION = YES;
				CLANG_WARN_OBJC_LITERAL_CONVERSION = YES;
				CLANG_WARN_OBJC_ROOT_CLASS = YES_ERROR;
				CLANG_WARN_RANGE_LOOP_ANALYSIS = YES;
				CLANG_WARN_STRICT_PROTOTYPES = YES;
				CLANG_WARN_SUSPICIOUS_MOVE = YES;
				CLANG_WARN_UNGUARDED_AVAILABILITY = YES_AGGRESSIVE;
				CLANG_WARN_UNREACHABLE_CODE = YES;
				CLANG_WARN__DUPLICATE_METHOD_MATCH = YES;
				CODE_SIGN_IDENTITY = "iPhone Developer";
				COPY_PHASE_STRIP = NO;
				DEBUG_INFORMATION_FORMAT = dwarf;
				ENABLE_STRICT_OBJC_MSGSEND = YES;
				ENABLE_TESTABILITY = YES;
				GCC_C_LANGUAGE_STANDARD = gnu11;
				GCC_DYNAMIC_NO_PIC = NO;
				GCC_NO_COMMON_BLOCKS = YES;
				GCC_OPTIMIZATION_LEVEL = 0;
				GCC_PREPROCESSOR_DEFINITIONS = (
					"DEBUG=1",
					"$(inherited)",
				);
				GCC_WARN_64_TO_32_BIT_CONVERSION = YES;
				GCC_WARN_ABOUT_RETURN_TYPE = YES_ERROR;
				GCC_WARN_UNDECLARED_SELECTOR = YES;
				GCC_WARN_UNINITIALIZED_AUTOS = YES_AGGRESSIVE;
				GCC_WARN_UNUSED_FUNCTION = YES;
				GCC_WARN_UNUSED_VARIABLE = YES;
				IPHONEOS_DEPLOYMENT_TARGET = 11.2;
				MTL_ENABLE_DEBUG_INFO = YES;
				ONLY_ACTIVE_ARCH = YES;
				SDKROOT = iphoneos;
				SWIFT_ACTIVE_COMPILATION_CONDITIONS = DEBUG;
				SWIFT_OPTIMIZATION_LEVEL = "-Onone";
			};
			name = Debug;
		};
		90A34519213C6CE90030EBA6 /* Release */ = {
			isa = XCBuildConfiguration;
			buildSettings = {
				ALWAYS_SEARCH_USER_PATHS = NO;
				CLANG_ANALYZER_NONNULL = YES;
				CLANG_ANALYZER_NUMBER_OBJECT_CONVERSION = YES_AGGRESSIVE;
				CLANG_CXX_LANGUAGE_STANDARD = "gnu++14";
				CLANG_CXX_LIBRARY = "libc++";
				CLANG_ENABLE_MODULES = YES;
				CLANG_ENABLE_OBJC_ARC = YES;
				CLANG_WARN_BLOCK_CAPTURE_AUTORELEASING = YES;
				CLANG_WARN_BOOL_CONVERSION = YES;
				CLANG_WARN_COMMA = YES;
				CLANG_WARN_CONSTANT_CONVERSION = YES;
				CLANG_WARN_DIRECT_OBJC_ISA_USAGE = YES_ERROR;
				CLANG_WARN_DOCUMENTATION_COMMENTS = YES;
				CLANG_WARN_EMPTY_BODY = YES;
				CLANG_WARN_ENUM_CONVERSION = YES;
				CLANG_WARN_INFINITE_RECURSION = YES;
				CLANG_WARN_INT_CONVERSION = YES;
				CLANG_WARN_NON_LITERAL_NULL_CONVERSION = YES;
				CLANG_WARN_OBJC_LITERAL_CONVERSION = YES;
				CLANG_WARN_OBJC_ROOT_CLASS = YES_ERROR;
				CLANG_WARN_RANGE_LOOP_ANALYSIS = YES;
				CLANG_WARN_STRICT_PROTOTYPES = YES;
				CLANG_WARN_SUSPICIOUS_MOVE = YES;
				CLANG_WARN_UNGUARDED_AVAILABILITY = YES_AGGRESSIVE;
				CLANG_WARN_UNREACHABLE_CODE = YES;
				CLANG_WARN__DUPLICATE_METHOD_MATCH = YES;
				CODE_SIGN_IDENTITY = "iPhone Developer";
				COPY_PHASE_STRIP = NO;
				DEBUG_INFORMATION_FORMAT = "dwarf-with-dsym";
				ENABLE_NS_ASSERTIONS = NO;
				ENABLE_STRICT_OBJC_MSGSEND = YES;
				GCC_C_LANGUAGE_STANDARD = gnu11;
				GCC_NO_COMMON_BLOCKS = YES;
				GCC_WARN_64_TO_32_BIT_CONVERSION = YES;
				GCC_WARN_ABOUT_RETURN_TYPE = YES_ERROR;
				GCC_WARN_UNDECLARED_SELECTOR = YES;
				GCC_WARN_UNINITIALIZED_AUTOS = YES_AGGRESSIVE;
				GCC_WARN_UNUSED_FUNCTION = YES;
				GCC_WARN_UNUSED_VARIABLE = YES;
				IPHONEOS_DEPLOYMENT_TARGET = 11.2;
				MTL_ENABLE_DEBUG_INFO = NO;
				SDKROOT = iphoneos;
				SWIFT_OPTIMIZATION_LEVEL = "-Owholemodule";
				VALIDATE_PRODUCT = YES;
			};
			name = Release;
		};
		90A3451B213C6CE90030EBA6 /* Debug */ = {
			isa = XCBuildConfiguration;
			buildSettings = {
				ASSETCATALOG_COMPILER_APPICON_NAME = AppIcon;
				CODE_SIGN_STYLE = Automatic;
				INFOPLIST_FILE = "The Boy/Info.plist";
				LD_RUNPATH_SEARCH_PATHS = "$(inherited) @executable_path/Frameworks";
				PRODUCT_BUNDLE_IDENTIFIER = "medihelp.The-Boy";
				PRODUCT_NAME = "$(TARGET_NAME)";
				SWIFT_VERSION = 4.0;
				TARGETED_DEVICE_FAMILY = "1,2";
			};
			name = Debug;
		};
		90A3451C213C6CE90030EBA6 /* Release */ = {
			isa = XCBuildConfiguration;
			buildSettings = {
				ASSETCATALOG_COMPILER_APPICON_NAME = AppIcon;
				CODE_SIGN_STYLE = Automatic;
				INFOPLIST_FILE = "The Boy/Info.plist";
				LD_RUNPATH_SEARCH_PATHS = "$(inherited) @executable_path/Frameworks";
				PRODUCT_BUNDLE_IDENTIFIER = "medihelp.The-Boy";
				PRODUCT_NAME = "$(TARGET_NAME)";
				SWIFT_VERSION = 4.0;
				TARGETED_DEVICE_FAMILY = "1,2";
			};
			name = Release;
		};
		90A3451E213C6CE90030EBA6 /* Debug */ = {
			isa = XCBuildConfiguration;
			buildSettings = {
				ALWAYS_EMBED_SWIFT_STANDARD_LIBRARIES = YES;
				BUNDLE_LOADER = "$(TEST_HOST)";
				CODE_SIGN_STYLE = Automatic;
				INFOPLIST_FILE = "The BoyTests/Info.plist";
				LD_RUNPATH_SEARCH_PATHS = "$(inherited) @executable_path/Frameworks @loader_path/Frameworks";
				PRODUCT_BUNDLE_IDENTIFIER = "medihelp.The-BoyTests";
				PRODUCT_NAME = "$(TARGET_NAME)";
				SWIFT_VERSION = 4.0;
				TARGETED_DEVICE_FAMILY = "1,2";
				TEST_HOST = "$(BUILT_PRODUCTS_DIR)/The Boy.app/The Boy";
			};
			name = Debug;
		};
		90A3451F213C6CE90030EBA6 /* Release */ = {
			isa = XCBuildConfiguration;
			buildSettings = {
				ALWAYS_EMBED_SWIFT_STANDARD_LIBRARIES = YES;
				BUNDLE_LOADER = "$(TEST_HOST)";
				CODE_SIGN_STYLE = Automatic;
				INFOPLIST_FILE = "The BoyTests/Info.plist";
				LD_RUNPATH_SEARCH_PATHS = "$(inherited) @executable_path/Frameworks @loader_path/Frameworks";
				PRODUCT_BUNDLE_IDENTIFIER = "medihelp.The-BoyTests";
				PRODUCT_NAME = "$(TARGET_NAME)";
				SWIFT_VERSION = 4.0;
				TARGETED_DEVICE_FAMILY = "1,2";
				TEST_HOST = "$(BUILT_PRODUCTS_DIR)/The Boy.app/The Boy";
			};
			name = Release;
		};
		90A34521213C6CE90030EBA6 /* Debug */ = {
			isa = XCBuildConfiguration;
			buildSettings = {
				ALWAYS_EMBED_SWIFT_STANDARD_LIBRARIES = YES;
				CODE_SIGN_STYLE = Automatic;
				INFOPLIST_FILE = "The BoyUITests/Info.plist";
				LD_RUNPATH_SEARCH_PATHS = "$(inherited) @executable_path/Frameworks @loader_path/Frameworks";
				PRODUCT_BUNDLE_IDENTIFIER = "medihelp.The-BoyUITests";
				PRODUCT_NAME = "$(TARGET_NAME)";
				SWIFT_VERSION = 4.0;
				TARGETED_DEVICE_FAMILY = "1,2";
				TEST_TARGET_NAME = "The Boy";
			};
			name = Debug;
		};
		90A34522213C6CE90030EBA6 /* Release */ = {
			isa = XCBuildConfiguration;
			buildSettings = {
				ALWAYS_EMBED_SWIFT_STANDARD_LIBRARIES = YES;
				CODE_SIGN_STYLE = Automatic;
				INFOPLIST_FILE = "The BoyUITests/Info.plist";
				LD_RUNPATH_SEARCH_PATHS = "$(inherited) @executable_path/Frameworks @loader_path/Frameworks";
				PRODUCT_BUNDLE_IDENTIFIER = "medihelp.The-BoyUITests";
				PRODUCT_NAME = "$(TARGET_NAME)";
				SWIFT_VERSION = 4.0;
				TARGETED_DEVICE_FAMILY = "1,2";
				TEST_TARGET_NAME = "The Boy";
			};
			name = Release;
		};
/* End XCBuildConfiguration section */

/* Begin XCConfigurationList section */
		90A344ED213C6CE80030EBA6 /* Build configuration list for PBXProject "The Boy" */ = {
			isa = XCConfigurationList;
			buildConfigurations = (
				90A34518213C6CE90030EBA6 /* Debug */,
				90A34519213C6CE90030EBA6 /* Release */,
			);
			defaultConfigurationIsVisible = 0;
			defaultConfigurationName = Release;
		};
		90A3451A213C6CE90030EBA6 /* Build configuration list for PBXNativeTarget "The Boy" */ = {
			isa = XCConfigurationList;
			buildConfigurations = (
				90A3451B213C6CE90030EBA6 /* Debug */,
				90A3451C213C6CE90030EBA6 /* Release */,
			);
			defaultConfigurationIsVisible = 0;
			defaultConfigurationName = Release;
		};
		90A3451D213C6CE90030EBA6 /* Build configuration list for PBXNativeTarget "The BoyTests" */ = {
			isa = XCConfigurationList;
			buildConfigurations = (
				90A3451E213C6CE90030EBA6 /* Debug */,
				90A3451F213C6CE90030EBA6 /* Release */,
			);
			defaultConfigurationIsVisible = 0;
			defaultConfigurationName = Release;
		};
		90A34520213C6CE90030EBA6 /* Build configuration list for PBXNativeTarget "The BoyUITests" */ = {
			isa = XCConfigurationList;
			buildConfigurations = (
				90A34521213C6CE90030EBA6 /* Debug */,
				90A34522213C6CE90030EBA6 /* Release */,
			);
			defaultConfigurationIsVisible = 0;
			defaultConfigurationName = Release;
		};
/* End XCConfigurationList section */
	};
	rootObject = 90A344EA213C6CE80030EBA6 /* Project object */;
}
